
Microsoft Visual Studio Solution File, Format Version 12.00
# Visual Studio 15
VisualStudioVersion = 15.0.26730.16
MinimumVisualStudioVersion = 10.0.40219.1
Project("{9A19103F-16F7-4668-BE54-9A1E7A4F7556}") = "TransactionRecorder.Core", "TransactionRecorder.Core\TransactionRecorder.Core.csproj", "{A7D03A46-48BF-4371-8F5E-1E9F1E27075B}"
EndProject
Project("{FAE04EC0-301F-11D3-BF4B-00C04F79EFBC}") = "TransactionRecorder.AspNetCore", "TransactionRecorder.AspNetCore\TransactionRecorder.AspNetCore.csproj", "{BC0E509D-6243-4C04-8CEC-6E2727EEECC0}"
EndProject
Project("{FAE04EC0-301F-11D3-BF4B-00C04F79EFBC}") = "TransactionRecorder.AspNetCore.NetStandard", "TransactionRecorder.AspNetCore.NetStandard\TransactionRecorder.AspNetCore.NetStandard.csproj", "{9E11007B-6A1E-468E-8748-F214B668149C}"
EndProject
Global
	GlobalSection(SolutionConfigurationPlatforms) = preSolution
		Debug|Any CPU = Debug|Any CPU
		Release|Any CPU = Release|Any CPU
	EndGlobalSection
	GlobalSection(ProjectConfigurationPlatforms) = postSolution
		{A7D03A46-48BF-4371-8F5E-1E9F1E27075B}.Debug|Any CPU.ActiveCfg = Debug|Any CPU
		{A7D03A46-48BF-4371-8F5E-1E9F1E27075B}.Debug|Any CPU.Build.0 = Debug|Any CPU
		{A7D03A46-48BF-4371-8F5E-1E9F1E27075B}.Release|Any CPU.ActiveCfg = Release|Any CPU
		{A7D03A46-48BF-4371-8F5E-1E9F1E27075B}.Release|Any CPU.Build.0 = Release|Any CPU
		{BC0E509D-6243-4C04-8CEC-6E2727EEECC0}.Debug|Any CPU.ActiveCfg = Debug|Any CPU
		{BC0E509D-6243-4C04-8CEC-6E2727EEECC0}.Debug|Any CPU.Build.0 = Debug|Any CPU
		{BC0E509D-6243-4C04-8CEC-6E2727EEECC0}.Release|Any CPU.ActiveCfg = Release|Any CPU
		{BC0E509D-6243-4C04-8CEC-6E2727EEECC0}.Release|Any CPU.Build.0 = Release|Any CPU
		{9E11007B-6A1E-468E-8748-F214B668149C}.Debug|Any CPU.ActiveCfg = Debug|Any CPU
		{9E11007B-6A1E-468E-8748-F214B668149C}.Debug|Any CPU.Build.0 = Debug|Any CPU
		{9E11007B-6A1E-468E-8748-F214B668149C}.Release|Any CPU.ActiveCfg = Release|Any CPU
		{9E11007B-6A1E-468E-8748-F214B668149C}.Release|Any CPU.Build.0 = Release|Any CPU
	EndGlobalSection
	GlobalSection(SolutionProperties) = preSolution
		HideSolutionNode = FALSE
	EndGlobalSection
	GlobalSection(ExtensibilityGlobals) = postSolution
		SolutionGuid = {99BCE508-E742-4DE6-B830-4188B5789E73}
	EndGlobalSection
EndGlobal
